
Microsoft Visual Studio Solution File, Format Version 12.00
# Visual Studio 15
VisualStudioVersion = 15.0.28010.2048
MinimumVisualStudioVersion = 10.0.40219.1
Project("{FAE04EC0-301F-11D3-BF4B-00C04F79EFBC}") = "Infrastructure", "Infrastructure\Infrastructure.csproj", "{F3B62723-EAA0-4859-870B-5CF0F5992CCA}"
EndProject
Project("{FAE04EC0-301F-11D3-BF4B-00C04F79EFBC}") = "Models", "Models\Models.csproj", "{DF93B943-C34A-42E9-B537-19CDDCED9153}"
EndProject
Project("{FAE04EC0-301F-11D3-BF4B-00C04F79EFBC}") = "WebApi", "WebApi\WebApi.csproj", "{641FEECD-F345-4B01-8217-3F9AE8591F5D}"
EndProject
Global
	GlobalSection(SolutionConfigurationPlatforms) = preSolution
		Debug|Any CPU = Debug|Any CPU
		Release|Any CPU = Release|Any CPU
	EndGlobalSection
	GlobalSection(ProjectConfigurationPlatforms) = postSolution
		{F3B62723-EAA0-4859-870B-5CF0F5992CCA}.Debug|Any CPU.ActiveCfg = Debug|Any CPU
		{F3B62723-EAA0-4859-870B-5CF0F5992CCA}.Debug|Any CPU.Build.0 = Debug|Any CPU
		{F3B62723-EAA0-4859-870B-5CF0F5992CCA}.Release|Any CPU.ActiveCfg = Release|Any CPU
		{F3B62723-EAA0-4859-870B-5CF0F5992CCA}.Release|Any CPU.Build.0 = Release|Any CPU
		{DF93B943-C34A-42E9-B537-19CDDCED9153}.Debug|Any CPU.ActiveCfg = Debug|Any CPU
		{DF93B943-C34A-42E9-B537-19CDDCED9153}.Debug|Any CPU.Build.0 = Debug|Any CPU
		{DF93B943-C34A-42E9-B537-19CDDCED9153}.Release|Any CPU.ActiveCfg = Release|Any CPU
		{DF93B943-C34A-42E9-B537-19CDDCED9153}.Release|Any CPU.Build.0 = Release|Any CPU
		{641FEECD-F345-4B01-8217-3F9AE8591F5D}.Debug|Any CPU.ActiveCfg = Debug|Any CPU
		{641FEECD-F345-4B01-8217-3F9AE8591F5D}.Debug|Any CPU.Build.0 = Debug|Any CPU
		{641FEECD-F345-4B01-8217-3F9AE8591F5D}.Release|Any CPU.ActiveCfg = Release|Any CPU
		{641FEECD-F345-4B01-8217-3F9AE8591F5D}.Release|Any CPU.Build.0 = Release|Any CPU
	EndGlobalSection
	GlobalSection(SolutionProperties) = preSolution
		HideSolutionNode = FALSE
	EndGlobalSection
	GlobalSection(ExtensibilityGlobals) = postSolution
		SolutionGuid = {322F0B8B-3204-411D-9A87-158405348B02}
	EndGlobalSection
EndGlobal
